
Microsoft Visual Studio Solution File, Format Version 12.00
# Visual Studio Version 16
VisualStudioVersion = 16.0.31515.178
MinimumVisualStudioVersion = 10.0.40219.1
Project("{888888A0-9F3D-457C-B088-3A5042F75D52}") = "StringsAndDates", "StringsAndDates.pyproj", "{C2DCF6BF-4ECD-47C8-A272-1BF091CEFB6F}"
EndProject
Global
	GlobalSection(SolutionConfigurationPlatforms) = preSolution
		Debug|Any CPU = Debug|Any CPU
		Release|Any CPU = Release|Any CPU
	EndGlobalSection
	GlobalSection(ProjectConfigurationPlatforms) = postSolution
		{C2DCF6BF-4ECD-47C8-A272-1BF091CEFB6F}.Debug|Any CPU.ActiveCfg = Debug|Any CPU
		{C2DCF6BF-4ECD-47C8-A272-1BF091CEFB6F}.Release|Any CPU.ActiveCfg = Release|Any CPU
	EndGlobalSection
	GlobalSection(SolutionProperties) = preSolution
		HideSolutionNode = FALSE
	EndGlobalSection
	GlobalSection(ExtensibilityGlobals) = postSolution
		SolutionGuid = {1AD05259-7736-47F1-8388-620B05B4D0BF}
	EndGlobalSection
EndGlobal
